
Microsoft Visual Studio Solution File, Format Version 12.00
# Visual Studio Version 17
VisualStudioVersion = 17.14.36301.6 d17.14
MinimumVisualStudioVersion = 10.0.40219.1
Project("{FAE04EC0-301F-11D3-BF4B-00C04F79EFBC}") = "ExamenLenguajesVisuales1", "ExamenLenguajesVisuales1\ExamenLenguajesVisuales1.csproj", "{651CBD03-1165-42EF-9937-7AC03B2B0597}"
EndProject
Global
	GlobalSection(SolutionConfigurationPlatforms) = preSolution
		Debug|Any CPU = Debug|Any CPU
		Release|Any CPU = Release|Any CPU
	EndGlobalSection
	GlobalSection(ProjectConfigurationPlatforms) = postSolution
		{651CBD03-1165-42EF-9937-7AC03B2B0597}.Debug|Any CPU.ActiveCfg = Debug|Any CPU
		{651CBD03-1165-42EF-9937-7AC03B2B0597}.Debug|Any CPU.Build.0 = Debug|Any CPU
		{651CBD03-1165-42EF-9937-7AC03B2B0597}.Release|Any CPU.ActiveCfg = Release|Any CPU
		{651CBD03-1165-42EF-9937-7AC03B2B0597}.Release|Any CPU.Build.0 = Release|Any CPU
	EndGlobalSection
	GlobalSection(SolutionProperties) = preSolution
		HideSolutionNode = FALSE
	EndGlobalSection
	GlobalSection(ExtensibilityGlobals) = postSolution
		SolutionGuid = {EC69CAA6-59FF-40F9-B344-D0633D4C962C}
	EndGlobalSection
EndGlobal
